
Microsoft Visual Studio Solution File, Format Version 12.00
# Visual Studio Version 17
VisualStudioVersion = 17.3.32922.545
MinimumVisualStudioVersion = 10.0.40219.1
Project("{FAE04EC0-301F-11D3-BF4B-00C04F79EFBC}") = "CodecTest", "CodecTest\CodecTest.csproj", "{79021FEE-6694-4EFC-9F90-FC28ACB481B4}"
EndProject
Project("{FAE04EC0-301F-11D3-BF4B-00C04F79EFBC}") = "UnitTest", "UnitTest\UnitTest.csproj", "{EC581618-3949-4B66-BEE3-9C7EF7081B9F}"
EndProject
Global
	GlobalSection(SolutionConfigurationPlatforms) = preSolution
		Debug|Any CPU = Debug|Any CPU
		Release|Any CPU = Release|Any CPU
	EndGlobalSection
	GlobalSection(ProjectConfigurationPlatforms) = postSolution
		{79021FEE-6694-4EFC-9F90-FC28ACB481B4}.Debug|Any CPU.ActiveCfg = Debug|Any CPU
		{79021FEE-6694-4EFC-9F90-FC28ACB481B4}.Debug|Any CPU.Build.0 = Debug|Any CPU
		{79021FEE-6694-4EFC-9F90-FC28ACB481B4}.Release|Any CPU.ActiveCfg = Release|Any CPU
		{79021FEE-6694-4EFC-9F90-FC28ACB481B4}.Release|Any CPU.Build.0 = Release|Any CPU
		{EC581618-3949-4B66-BEE3-9C7EF7081B9F}.Debug|Any CPU.ActiveCfg = Debug|Any CPU
		{EC581618-3949-4B66-BEE3-9C7EF7081B9F}.Debug|Any CPU.Build.0 = Debug|Any CPU
		{EC581618-3949-4B66-BEE3-9C7EF7081B9F}.Release|Any CPU.ActiveCfg = Release|Any CPU
		{EC581618-3949-4B66-BEE3-9C7EF7081B9F}.Release|Any CPU.Build.0 = Release|Any CPU
	EndGlobalSection
	GlobalSection(SolutionProperties) = preSolution
		HideSolutionNode = FALSE
	EndGlobalSection
	GlobalSection(ExtensibilityGlobals) = postSolution
		SolutionGuid = {B2D22A69-AD4F-4F27-985E-876CF2308DB1}
	EndGlobalSection
EndGlobal
